// !$*UTF8*$!
{
	archiveVersion = 1;
	classes = {
	};
	objectVersion = 55;
	objects = {

/* Begin PBXBuildFile section */
		385A2A2C29FF65FD009DC2A8 /* NewsService.swift in Sources */ = {isa = PBXBuildFile; fileRef = 385A2A2B29FF65FD009DC2A8 /* NewsService.swift */; };
		385A2A302A00ADE2009DC2A8 /* HomeViewController.swift in Sources */ = {isa = PBXBuildFile; fileRef = 385A2A2F2A00ADE2009DC2A8 /* HomeViewController.swift */; };
		385A2A322A00FD57009DC2A8 /* NewsTableViewCell.swift in Sources */ = {isa = PBXBuildFile; fileRef = 385A2A312A00FD57009DC2A8 /* NewsTableViewCell.swift */; };
		3871BBA529FD9628001F2453 /* News.swift in Sources */ = {isa = PBXBuildFile; fileRef = 3871BBA429FD9628001F2453 /* News.swift */; };
		3871BBA729FD9675001F2453 /* Media.swift in Sources */ = {isa = PBXBuildFile; fileRef = 3871BBA629FD9675001F2453 /* Media.swift */; };
		3871BBA929FD96BF001F2453 /* MediaMetaData.swift in Sources */ = {isa = PBXBuildFile; fileRef = 3871BBA829FD96BF001F2453 /* MediaMetaData.swift */; };
		3871BBAB29FE09BE001F2453 /* NewsResponse.swift in Sources */ = {isa = PBXBuildFile; fileRef = 3871BBAA29FE09BE001F2453 /* NewsResponse.swift */; };
		38A1F3612A013D9B006EF51B /* TopNewsTableViewCell.swift in Sources */ = {isa = PBXBuildFile; fileRef = 38A1F3602A013D9B006EF51B /* TopNewsTableViewCell.swift */; };
		38A1F3642A0146ED006EF51B /* NewsReader.xcdatamodeld in Sources */ = {isa = PBXBuildFile; fileRef = 38A1F3622A0146ED006EF51B /* NewsReader.xcdatamodeld */; };
		38A1F3672A0149D1006EF51B /* CoreDataStorage.swift in Sources */ = {isa = PBXBuildFile; fileRef = 38A1F3662A0149D1006EF51B /* CoreDataStorage.swift */; };
		38A1F36A2A0151D0006EF51B /* ReadingListViewController.swift in Sources */ = {isa = PBXBuildFile; fileRef = 38A1F3692A0151D0006EF51B /* ReadingListViewController.swift */; };
		38A1F36F2A015B40006EF51B /* TopNewsCollectionViewCell.swift in Sources */ = {isa = PBXBuildFile; fileRef = 38A1F36E2A015B40006EF51B /* TopNewsCollectionViewCell.swift */; };
		38A1F3732A0205F8006EF51B /* NewsTableViewCell.xib in Resources */ = {isa = PBXBuildFile; fileRef = 38A1F3722A0205F8006EF51B /* NewsTableViewCell.xib */; };
		38A1F3772A020DE0006EF51B /* NotificationExtensions.swift in Sources */ = {isa = PBXBuildFile; fileRef = 38A1F3762A020DE0006EF51B /* NotificationExtensions.swift */; };
		38A1F3872A029947006EF51B /* GoogleService-Info.plist in Resources */ = {isa = PBXBuildFile; fileRef = 38A1F3862A029947006EF51B /* GoogleService-Info.plist */; };
		38A1F38A2A029AC6006EF51B /* Login.storyboard in Resources */ = {isa = PBXBuildFile; fileRef = 38A1F3892A029AC6006EF51B /* Login.storyboard */; };
		38C2B9CE2A029CBE00D84E40 /* RegisterViewController.swift in Sources */ = {isa = PBXBuildFile; fileRef = 38C2B9CD2A029CBE00D84E40 /* RegisterViewController.swift */; };
		38C2B9D02A02A57B00D84E40 /* UIViewControllerExtensions.swift in Sources */ = {isa = PBXBuildFile; fileRef = 38C2B9CF2A02A57B00D84E40 /* UIViewControllerExtensions.swift */; };
		38C2B9D22A02A60500D84E40 /* UIApplicationExtensions.swift in Sources */ = {isa = PBXBuildFile; fileRef = 38C2B9D12A02A60500D84E40 /* UIApplicationExtensions.swift */; };
		38C2B9D52A02A91E00D84E40 /* ProfileViewController.swift in Sources */ = {isa = PBXBuildFile; fileRef = 38C2B9D42A02A91E00D84E40 /* ProfileViewController.swift */; };
		38F7D04F29FAB4550072634E /* AppDelegate.swift in Sources */ = {isa = PBXBuildFile; fileRef = 38F7D04E29FAB4550072634E /* AppDelegate.swift */; };
		38F7D05129FAB4550072634E /* SceneDelegate.swift in Sources */ = {isa = PBXBuildFile; fileRef = 38F7D05029FAB4550072634E /* SceneDelegate.swift */; };
		38F7D05329FAB4550072634E /* LoginViewController.swift in Sources */ = {isa = PBXBuildFile; fileRef = 38F7D05229FAB4550072634E /* LoginViewController.swift */; };
		38F7D05629FAB4550072634E /* Main.storyboard in Resources */ = {isa = PBXBuildFile; fileRef = 38F7D05429FAB4550072634E /* Main.storyboard */; };
		38F7D05829FAB4580072634E /* Assets.xcassets in Resources */ = {isa = PBXBuildFile; fileRef = 38F7D05729FAB4580072634E /* Assets.xcassets */; };
		38F7D05B29FAB4580072634E /* LaunchScreen.storyboard in Resources */ = {isa = PBXBuildFile; fileRef = 38F7D05929FAB4580072634E /* LaunchScreen.storyboard */; };
		6CDE9E3134A1ADEC15CDD41D /* Pods_NewsReaderApp.framework in Frameworks */ = {isa = PBXBuildFile; fileRef = 39AE106BF88CBF9D048B04F0 /* Pods_NewsReaderApp.framework */; };
/* End PBXBuildFile section */

/* Begin PBXFileReference section */
		152681082700861118EC4A65 /* Pods-NewsReaderApp.release.xcconfig */ = {isa = PBXFileReference; includeInIndex = 1; lastKnownFileType = text.xcconfig; name = "Pods-NewsReaderApp.release.xcconfig"; path = "Target Support Files/Pods-NewsReaderApp/Pods-NewsReaderApp.release.xcconfig"; sourceTree = "<group>"; };
		385A2A2B29FF65FD009DC2A8 /* NewsService.swift */ = {isa = PBXFileReference; lastKnownFileType = sourcecode.swift; path = NewsService.swift; sourceTree = "<group>"; };
		385A2A2F2A00ADE2009DC2A8 /* HomeViewController.swift */ = {isa = PBXFileReference; lastKnownFileType = sourcecode.swift; path = HomeViewController.swift; sourceTree = "<group>"; };
		385A2A312A00FD57009DC2A8 /* NewsTableViewCell.swift */ = {isa = PBXFileReference; lastKnownFileType = sourcecode.swift; path = NewsTableViewCell.swift; sourceTree = "<group>"; };
		3871BBA429FD9628001F2453 /* News.swift */ = {isa = PBXFileReference; lastKnownFileType = sourcecode.swift; path = News.swift; sourceTree = "<group>"; };
		3871BBA629FD9675001F2453 /* Media.swift */ = {isa = PBXFileReference; lastKnownFileType = sourcecode.swift; path = Media.swift; sourceTree = "<group>"; };
		3871BBA829FD96BF001F2453 /* MediaMetaData.swift */ = {isa = PBXFileReference; lastKnownFileType = sourcecode.swift; path = MediaMetaData.swift; sourceTree = "<group>"; };
		3871BBAA29FE09BE001F2453 /* NewsResponse.swift */ = {isa = PBXFileReference; lastKnownFileType = sourcecode.swift; path = NewsResponse.swift; sourceTree = "<group>"; };
		38A1F3602A013D9B006EF51B /* TopNewsTableViewCell.swift */ = {isa = PBXFileReference; lastKnownFileType = sourcecode.swift; path = TopNewsTableViewCell.swift; sourceTree = "<group>"; };
		38A1F3632A0146ED006EF51B /* NewsReader.xcdatamodel */ = {isa = PBXFileReference; lastKnownFileType = wrapper.xcdatamodel; path = NewsReader.xcdatamodel; sourceTree = "<group>"; };
		38A1F3662A0149D1006EF51B /* CoreDataStorage.swift */ = {isa = PBXFileReference; lastKnownFileType = sourcecode.swift; path = CoreDataStorage.swift; sourceTree = "<group>"; };
		38A1F3692A0151D0006EF51B /* ReadingListViewController.swift */ = {isa = PBXFileReference; lastKnownFileType = sourcecode.swift; path = ReadingListViewController.swift; sourceTree = "<group>"; };
		38A1F36E2A015B40006EF51B /* TopNewsCollectionViewCell.swift */ = {isa = PBXFileReference; lastKnownFileType = sourcecode.swift; path = TopNewsCollectionViewCell.swift; sourceTree = "<group>"; };
		38A1F3722A0205F8006EF51B /* NewsTableViewCell.xib */ = {isa = PBXFileReference; lastKnownFileType = file.xib; path = NewsTableViewCell.xib; sourceTree = "<group>"; };
		38A1F3762A020DE0006EF51B /* NotificationExtensions.swift */ = {isa = PBXFileReference; lastKnownFileType = sourcecode.swift; path = NotificationExtensions.swift; sourceTree = "<group>"; };
		38A1F3862A029947006EF51B /* GoogleService-Info.plist */ = {isa = PBXFileReference; fileEncoding = 4; lastKnownFileType = text.plist.xml; path = "GoogleService-Info.plist"; sourceTree = "<group>"; };
		38A1F3892A029AC6006EF51B /* Login.storyboard */ = {isa = PBXFileReference; lastKnownFileType = file.storyboard; path = Login.storyboard; sourceTree = "<group>"; };
		38C2B9CD2A029CBE00D84E40 /* RegisterViewController.swift */ = {isa = PBXFileReference; lastKnownFileType = sourcecode.swift; path = RegisterViewController.swift; sourceTree = "<group>"; };
		38C2B9CF2A02A57B00D84E40 /* UIViewControllerExtensions.swift */ = {isa = PBXFileReference; lastKnownFileType = sourcecode.swift; path = UIViewControllerExtensions.swift; sourceTree = "<group>"; };
		38C2B9D12A02A60500D84E40 /* UIApplicationExtensions.swift */ = {isa = PBXFileReference; lastKnownFileType = sourcecode.swift; path = UIApplicationExtensions.swift; sourceTree = "<group>"; };
		38C2B9D42A02A91E00D84E40 /* ProfileViewController.swift */ = {isa = PBXFileReference; lastKnownFileType = sourcecode.swift; path = ProfileViewController.swift; sourceTree = "<group>"; };
		38F7D04B29FAB4550072634E /* NewsReaderApp.app */ = {isa = PBXFileReference; explicitFileType = wrapper.application; includeInIndex = 0; path = NewsReaderApp.app; sourceTree = BUILT_PRODUCTS_DIR; };
		38F7D04E29FAB4550072634E /* AppDelegate.swift */ = {isa = PBXFileReference; lastKnownFileType = sourcecode.swift; path = AppDelegate.swift; sourceTree = "<group>"; };
		38F7D05029FAB4550072634E /* SceneDelegate.swift */ = {isa = PBXFileReference; lastKnownFileType = sourcecode.swift; path = SceneDelegate.swift; sourceTree = "<group>"; };
		38F7D05229FAB4550072634E /* LoginViewController.swift */ = {isa = PBXFileReference; lastKnownFileType = sourcecode.swift; path = LoginViewController.swift; sourceTree = "<group>"; };
		38F7D05529FAB4550072634E /* Base */ = {isa = PBXFileReference; lastKnownFileType = file.storyboard; name = Base; path = Base.lproj/Main.storyboard; sourceTree = "<group>"; };
		38F7D05729FAB4580072634E /* Assets.xcassets */ = {isa = PBXFileReference; lastKnownFileType = folder.assetcatalog; path = Assets.xcassets; sourceTree = "<group>"; };
		38F7D05A29FAB4580072634E /* Base */ = {isa = PBXFileReference; lastKnownFileType = file.storyboard; name = Base; path = Base.lproj/LaunchScreen.storyboard; sourceTree = "<group>"; };
		38F7D05C29FAB4580072634E /* Info.plist */ = {isa = PBXFileReference; lastKnownFileType = text.plist.xml; path = Info.plist; sourceTree = "<group>"; };
		39AE106BF88CBF9D048B04F0 /* Pods_NewsReaderApp.framework */ = {isa = PBXFileReference; explicitFileType = wrapper.framework; includeInIndex = 0; path = Pods_NewsReaderApp.framework; sourceTree = BUILT_PRODUCTS_DIR; };
		950F81EFAF8F3076B5FC8357 /* Pods-NewsReaderApp.debug.xcconfig */ = {isa = PBXFileReference; includeInIndex = 1; lastKnownFileType = text.xcconfig; name = "Pods-NewsReaderApp.debug.xcconfig"; path = "Target Support Files/Pods-NewsReaderApp/Pods-NewsReaderApp.debug.xcconfig"; sourceTree = "<group>"; };
/* End PBXFileReference section */

/* Begin PBXFrameworksBuildPhase section */
		38F7D04829FAB4550072634E /* Frameworks */ = {
			isa = PBXFrameworksBuildPhase;
			buildActionMask = 2147483647;
			files = (
				6CDE9E3134A1ADEC15CDD41D /* Pods_NewsReaderApp.framework in Frameworks */,
			);
			runOnlyForDeploymentPostprocessing = 0;
		};
/* End PBXFrameworksBuildPhase section */

/* Begin PBXGroup section */
		385A2A2A29FF65E6009DC2A8 /* Services */ = {
			isa = PBXGroup;
			children = (
				385A2A2B29FF65FD009DC2A8 /* NewsService.swift */,
			);
			path = Services;
			sourceTree = "<group>";
		};
		385A2A2D2A00ADBC009DC2A8 /* Controllers */ = {
			isa = PBXGroup;
			children = (
				38C2B9D32A02A90900D84E40 /* Profile */,
				38A1F3882A029AB7006EF51B /* Login */,
				38A1F3682A0151B1006EF51B /* ReadingList */,
				385A2A2E2A00ADC7009DC2A8 /* Home */,
			);
			path = Controllers;
			sourceTree = "<group>";
		};
		385A2A2E2A00ADC7009DC2A8 /* Home */ = {
			isa = PBXGroup;
			children = (
				385A2A2F2A00ADE2009DC2A8 /* HomeViewController.swift */,
				385A2A312A00FD57009DC2A8 /* NewsTableViewCell.swift */,
				38A1F3722A0205F8006EF51B /* NewsTableViewCell.xib */,
				38A1F3602A013D9B006EF51B /* TopNewsTableViewCell.swift */,
				38A1F36E2A015B40006EF51B /* TopNewsCollectionViewCell.swift */,
			);
			path = Home;
			sourceTree = "<group>";
		};
		3871BBA329FD9616001F2453 /* Models */ = {
			isa = PBXGroup;
			children = (
				3871BBA429FD9628001F2453 /* News.swift */,
				3871BBA629FD9675001F2453 /* Media.swift */,
				3871BBA829FD96BF001F2453 /* MediaMetaData.swift */,
				3871BBAA29FE09BE001F2453 /* NewsResponse.swift */,
			);
			path = Models;
			sourceTree = "<group>";
		};
		38A1F3652A0149BC006EF51B /* Storage */ = {
			isa = PBXGroup;
			children = (
				38A1F3662A0149D1006EF51B /* CoreDataStorage.swift */,
			);
			path = Storage;
			sourceTree = "<group>";
		};
		38A1F3682A0151B1006EF51B /* ReadingList */ = {
			isa = PBXGroup;
			children = (
				38A1F3692A0151D0006EF51B /* ReadingListViewController.swift */,
			);
			path = ReadingList;
			sourceTree = "<group>";
		};
		38A1F36D2A015896006EF51B /* Extensions */ = {
			isa = PBXGroup;
			children = (
				38A1F3762A020DE0006EF51B /* NotificationExtensions.swift */,
				38C2B9CF2A02A57B00D84E40 /* UIViewControllerExtensions.swift */,
				38C2B9D12A02A60500D84E40 /* UIApplicationExtensions.swift */,
			);
			path = Extensions;
			sourceTree = "<group>";
		};
		38A1F3882A029AB7006EF51B /* Login */ = {
			isa = PBXGroup;
			children = (
				38A1F3892A029AC6006EF51B /* Login.storyboard */,
				38F7D05229FAB4550072634E /* LoginViewController.swift */,
				38C2B9CD2A029CBE00D84E40 /* RegisterViewController.swift */,
			);
			path = Login;
			sourceTree = "<group>";
		};
		38C2B9D32A02A90900D84E40 /* Profile */ = {
			isa = PBXGroup;
			children = (
				38C2B9D42A02A91E00D84E40 /* ProfileViewController.swift */,
			);
			path = Profile;
			sourceTree = "<group>";
		};
		38F7D04229FAB4550072634E = {
			isa = PBXGroup;
			children = (
				38F7D04D29FAB4550072634E /* NewsReaderApp */,
				38F7D04C29FAB4550072634E /* Products */,
				8C067C6B16162F9F9689B4F3 /* Pods */,
				628858B88CCD6ED4C904E097 /* Frameworks */,
			);
			sourceTree = "<group>";
		};
		38F7D04C29FAB4550072634E /* Products */ = {
			isa = PBXGroup;
			children = (
				38F7D04B29FAB4550072634E /* NewsReaderApp.app */,
			);
			name = Products;
			sourceTree = "<group>";
		};
		38F7D04D29FAB4550072634E /* NewsReaderApp */ = {
			isa = PBXGroup;
			children = (
				38A1F36D2A015896006EF51B /* Extensions */,
				38A1F3652A0149BC006EF51B /* Storage */,
				385A2A2D2A00ADBC009DC2A8 /* Controllers */,
				385A2A2A29FF65E6009DC2A8 /* Services */,
				3871BBA329FD9616001F2453 /* Models */,
				38F7D04E29FAB4550072634E /* AppDelegate.swift */,
				38F7D05029FAB4550072634E /* SceneDelegate.swift */,
				38F7D05429FAB4550072634E /* Main.storyboard */,
				38F7D05729FAB4580072634E /* Assets.xcassets */,
				38F7D05929FAB4580072634E /* LaunchScreen.storyboard */,
				38F7D05C29FAB4580072634E /* Info.plist */,
				38A1F3622A0146ED006EF51B /* NewsReader.xcdatamodeld */,
				38A1F3862A029947006EF51B /* GoogleService-Info.plist */,
			);
			path = NewsReaderApp;
			sourceTree = "<group>";
		};
		628858B88CCD6ED4C904E097 /* Frameworks */ = {
			isa = PBXGroup;
			children = (
				39AE106BF88CBF9D048B04F0 /* Pods_NewsReaderApp.framework */,
			);
			name = Frameworks;
			sourceTree = "<group>";
		};
		8C067C6B16162F9F9689B4F3 /* Pods */ = {
			isa = PBXGroup;
			children = (
				950F81EFAF8F3076B5FC8357 /* Pods-NewsReaderApp.debug.xcconfig */,
				152681082700861118EC4A65 /* Pods-NewsReaderApp.release.xcconfig */,
			);
			path = Pods;
			sourceTree = "<group>";
		};
/* End PBXGroup section */

/* Begin PBXNativeTarget section */
		38F7D04A29FAB4550072634E /* NewsReaderApp */ = {
			isa = PBXNativeTarget;
			buildConfigurationList = 38F7D05F29FAB4580072634E /* Build configuration list for PBXNativeTarget "NewsReaderApp" */;
			buildPhases = (
				AA9F475C9D89AB748C2EAB14 /* [CP] Check Pods Manifest.lock */,
				38F7D04729FAB4550072634E /* Sources */,
				38F7D04829FAB4550072634E /* Frameworks */,
				38F7D04929FAB4550072634E /* Resources */,
				8324BE0559A4A27E58D1481C /* [CP] Embed Pods Frameworks */,
			);
			buildRules = (
			);
			dependencies = (
			);
			name = NewsReaderApp;
			productName = NewsReaderApp;
			productReference = 38F7D04B29FAB4550072634E /* NewsReaderApp.app */;
			productType = "com.apple.product-type.application";
		};
/* End PBXNativeTarget section */

/* Begin PBXProject section */
		38F7D04329FAB4550072634E /* Project object */ = {
			isa = PBXProject;
			attributes = {
				BuildIndependentTargetsInParallel = 1;
				LastSwiftUpdateCheck = 1320;
				LastUpgradeCheck = 1320;
				TargetAttributes = {
					38F7D04A29FAB4550072634E = {
						CreatedOnToolsVersion = 13.2;
					};
				};
			};
			buildConfigurationList = 38F7D04629FAB4550072634E /* Build configuration list for PBXProject "NewsReaderApp" */;
			compatibilityVersion = "Xcode 13.0";
			developmentRegion = en;
			hasScannedForEncodings = 0;
			knownRegions = (
				en,
				Base,
			);
			mainGroup = 38F7D04229FAB4550072634E;
			productRefGroup = 38F7D04C29FAB4550072634E /* Products */;
			projectDirPath = "";
			projectRoot = "";
			targets = (
				38F7D04A29FAB4550072634E /* NewsReaderApp */,
			);
		};
/* End PBXProject section */

/* Begin PBXResourcesBuildPhase section */
		38F7D04929FAB4550072634E /* Resources */ = {
			isa = PBXResourcesBuildPhase;
			buildActionMask = 2147483647;
			files = (
				38F7D05B29FAB4580072634E /* LaunchScreen.storyboard in Resources */,
				38F7D05829FAB4580072634E /* Assets.xcassets in Resources */,
				38A1F38A2A029AC6006EF51B /* Login.storyboard in Resources */,
				38A1F3872A029947006EF51B /* GoogleService-Info.plist in Resources */,
				38A1F3732A0205F8006EF51B /* NewsTableViewCell.xib in Resources */,
				38F7D05629FAB4550072634E /* Main.storyboard in Resources */,
			);
			runOnlyForDeploymentPostprocessing = 0;
		};
/* End PBXResourcesBuildPhase section */

/* Begin PBXShellScriptBuildPhase section */
		8324BE0559A4A27E58D1481C /* [CP] Embed Pods Frameworks */ = {
			isa = PBXShellScriptBuildPhase;
			buildActionMask = 2147483647;
			files = (
			);
			inputFileListPaths = (
				"${PODS_ROOT}/Target Support Files/Pods-NewsReaderApp/Pods-NewsReaderApp-frameworks-${CONFIGURATION}-input-files.xcfilelist",
			);
			name = "[CP] Embed Pods Frameworks";
			outputFileListPaths = (
				"${PODS_ROOT}/Target Support Files/Pods-NewsReaderApp/Pods-NewsReaderApp-frameworks-${CONFIGURATION}-output-files.xcfilelist",
			);
			runOnlyForDeploymentPostprocessing = 0;
			shellPath = /bin/sh;
			shellScript = "\"${PODS_ROOT}/Target Support Files/Pods-NewsReaderApp/Pods-NewsReaderApp-frameworks.sh\"\n";
			showEnvVarsInLog = 0;
		};
		AA9F475C9D89AB748C2EAB14 /* [CP] Check Pods Manifest.lock */ = {
			isa = PBXShellScriptBuildPhase;
			buildActionMask = 2147483647;
			files = (
			);
			inputFileListPaths = (
			);
			inputPaths = (
				"${PODS_PODFILE_DIR_PATH}/Podfile.lock",
				"${PODS_ROOT}/Manifest.lock",
			);
			name = "[CP] Check Pods Manifest.lock";
			outputFileListPaths = (
			);
			outputPaths = (
				"$(DERIVED_FILE_DIR)/Pods-NewsReaderApp-checkManifestLockResult.txt",
			);
			runOnlyForDeploymentPostprocessing = 0;
			shellPath = /bin/sh;
			shellScript = "diff \"${PODS_PODFILE_DIR_PATH}/Podfile.lock\" \"${PODS_ROOT}/Manifest.lock\" > /dev/null\nif [ $? != 0 ] ; then\n    # print error to STDERR\n    echo \"error: The sandbox is not in sync with the Podfile.lock. Run 'pod install' or update your CocoaPods installation.\" >&2\n    exit 1\nfi\n# This output is used by Xcode 'outputs' to avoid re-running this script phase.\necho \"SUCCESS\" > \"${SCRIPT_OUTPUT_FILE_0}\"\n";
			showEnvVarsInLog = 0;
		};
/* End PBXShellScriptBuildPhase section */

/* Begin PBXSourcesBuildPhase section */
		38F7D04729FAB4550072634E /* Sources */ = {
			isa = PBXSourcesBuildPhase;
			buildActionMask = 2147483647;
			files = (
				38A1F3612A013D9B006EF51B /* TopNewsTableViewCell.swift in Sources */,
				3871BBAB29FE09BE001F2453 /* NewsResponse.swift in Sources */,
				38C2B9D52A02A91E00D84E40 /* ProfileViewController.swift in Sources */,
				38F7D05329FAB4550072634E /* LoginViewController.swift in Sources */,
				38A1F3672A0149D1006EF51B /* CoreDataStorage.swift in Sources */,
				38C2B9D02A02A57B00D84E40 /* UIViewControllerExtensions.swift in Sources */,
				38A1F3642A0146ED006EF51B /* NewsReader.xcdatamodeld in Sources */,
				38A1F36F2A015B40006EF51B /* TopNewsCollectionViewCell.swift in Sources */,
				385A2A322A00FD57009DC2A8 /* NewsTableViewCell.swift in Sources */,
				3871BBA929FD96BF001F2453 /* MediaMetaData.swift in Sources */,
				38F7D04F29FAB4550072634E /* AppDelegate.swift in Sources */,
				3871BBA529FD9628001F2453 /* News.swift in Sources */,
				385A2A302A00ADE2009DC2A8 /* HomeViewController.swift in Sources */,
				38F7D05129FAB4550072634E /* SceneDelegate.swift in Sources */,
				38C2B9D22A02A60500D84E40 /* UIApplicationExtensions.swift in Sources */,
				38A1F36A2A0151D0006EF51B /* ReadingListViewController.swift in Sources */,
				38C2B9CE2A029CBE00D84E40 /* RegisterViewController.swift in Sources */,
				385A2A2C29FF65FD009DC2A8 /* NewsService.swift in Sources */,
				38A1F3772A020DE0006EF51B /* NotificationExtensions.swift in Sources */,
				3871BBA729FD9675001F2453 /* Media.swift in Sources */,
			);
			runOnlyForDeploymentPostprocessing = 0;
		};
/* End PBXSourcesBuildPhase section */

/* Begin PBXVariantGroup section */
		38F7D05429FAB4550072634E /* Main.storyboard */ = {
			isa = PBXVariantGroup;
			children = (
				38F7D05529FAB4550072634E /* Base */,
			);
			name = Main.storyboard;
			sourceTree = "<group>";
		};
		38F7D05929FAB4580072634E /* LaunchScreen.storyboard */ = {
			isa = PBXVariantGroup;
			children = (
				38F7D05A29FAB4580072634E /* Base */,
			);
			name = LaunchScreen.storyboard;
			sourceTree = "<group>";
		};
/* End PBXVariantGroup section */

/* Begin XCBuildConfiguration section */
		38F7D05D29FAB4580072634E /* Debug */ = {
			isa = XCBuildConfiguration;
			buildSettings = {
				ALWAYS_SEARCH_USER_PATHS = NO;
				CLANG_ANALYZER_NONNULL = YES;
				CLANG_ANALYZER_NUMBER_OBJECT_CONVERSION = YES_AGGRESSIVE;
				CLANG_CXX_LANGUAGE_STANDARD = "gnu++17";
				CLANG_CXX_LIBRARY = "libc++";
				CLANG_ENABLE_MODULES = YES;
				CLANG_ENABLE_OBJC_ARC = YES;
				CLANG_ENABLE_OBJC_WEAK = YES;
				CLANG_WARN_BLOCK_CAPTURE_AUTORELEASING = YES;
				CLANG_WARN_BOOL_CONVERSION = YES;
				CLANG_WARN_COMMA = YES;
				CLANG_WARN_CONSTANT_CONVERSION = YES;
				CLANG_WARN_DEPRECATED_OBJC_IMPLEMENTATIONS = YES;
				CLANG_WARN_DIRECT_OBJC_ISA_USAGE = YES_ERROR;
				CLANG_WARN_DOCUMENTATION_COMMENTS = YES;
				CLANG_WARN_EMPTY_BODY = YES;
				CLANG_WARN_ENUM_CONVERSION = YES;
				CLANG_WARN_INFINITE_RECURSION = YES;
				CLANG_WARN_INT_CONVERSION = YES;
				CLANG_WARN_NON_LITERAL_NULL_CONVERSION = YES;
				CLANG_WARN_OBJC_IMPLICIT_RETAIN_SELF = YES;
				CLANG_WARN_OBJC_LITERAL_CONVERSION = YES;
				CLANG_WARN_OBJC_ROOT_CLASS = YES_ERROR;
				CLANG_WARN_QUOTED_INCLUDE_IN_FRAMEWORK_HEADER = YES;
				CLANG_WARN_RANGE_LOOP_ANALYSIS = YES;
				CLANG_WARN_STRICT_PROTOTYPES = YES;
				CLANG_WARN_SUSPICIOUS_MOVE = YES;
				CLANG_WARN_UNGUARDED_AVAILABILITY = YES_AGGRESSIVE;
				CLANG_WARN_UNREACHABLE_CODE = YES;
				CLANG_WARN__DUPLICATE_METHOD_MATCH = YES;
				COPY_PHASE_STRIP = NO;
				DEBUG_INFORMATION_FORMAT = dwarf;
				ENABLE_STRICT_OBJC_MSGSEND = YES;
				ENABLE_TESTABILITY = YES;
				GCC_C_LANGUAGE_STANDARD = gnu11;
				GCC_DYNAMIC_NO_PIC = NO;
				GCC_NO_COMMON_BLOCKS = YES;
				GCC_OPTIMIZATION_LEVEL = 0;
				GCC_PREPROCESSOR_DEFINITIONS = (
					"DEBUG=1",
					"$(inherited)",
				);
				GCC_WARN_64_TO_32_BIT_CONVERSION = YES;
				GCC_WARN_ABOUT_RETURN_TYPE = YES_ERROR;
				GCC_WARN_UNDECLARED_SELECTOR = YES;
				GCC_WARN_UNINITIALIZED_AUTOS = YES_AGGRESSIVE;
				GCC_WARN_UNUSED_FUNCTION = YES;
				GCC_WARN_UNUSED_VARIABLE = YES;
				IPHONEOS_DEPLOYMENT_TARGET = 14.0;
				MTL_ENABLE_DEBUG_INFO = INCLUDE_SOURCE;
				MTL_FAST_MATH = YES;
				ONLY_ACTIVE_ARCH = YES;
				SDKROOT = iphoneos;
				SWIFT_ACTIVE_COMPILATION_CONDITIONS = DEBUG;
				SWIFT_OPTIMIZATION_LEVEL = "-Onone";
			};
			name = Debug;
		};
		38F7D05E29FAB4580072634E /* Release */ = {
			isa = XCBuildConfiguration;
			buildSettings = {
				ALWAYS_SEARCH_USER_PATHS = NO;
				CLANG_ANALYZER_NONNULL = YES;
				CLANG_ANALYZER_NUMBER_OBJECT_CONVERSION = YES_AGGRESSIVE;
				CLANG_CXX_LANGUAGE_STANDARD = "gnu++17";
				CLANG_CXX_LIBRARY = "libc++";
				CLANG_ENABLE_MODULES = YES;
				CLANG_ENABLE_OBJC_ARC = YES;
				CLANG_ENABLE_OBJC_WEAK = YES;
				CLANG_WARN_BLOCK_CAPTURE_AUTORELEASING = YES;
				CLANG_WARN_BOOL_CONVERSION = YES;
				CLANG_WARN_COMMA = YES;
				CLANG_WARN_CONSTANT_CONVERSION = YES;
				CLANG_WARN_DEPRECATED_OBJC_IMPLEMENTATIONS = YES;
				CLANG_WARN_DIRECT_OBJC_ISA_USAGE = YES_ERROR;
				CLANG_WARN_DOCUMENTATION_COMMENTS = YES;
				CLANG_WARN_EMPTY_BODY = YES;
				CLANG_WARN_ENUM_CONVERSION = YES;
				CLANG_WARN_INFINITE_RECURSION = YES;
				CLANG_WARN_INT_CONVERSION = YES;
				CLANG_WARN_NON_LITERAL_NULL_CONVERSION = YES;
				CLANG_WARN_OBJC_IMPLICIT_RETAIN_SELF = YES;
				CLANG_WARN_OBJC_LITERAL_CONVERSION = YES;
				CLANG_WARN_OBJC_ROOT_CLASS = YES_ERROR;
				CLANG_WARN_QUOTED_INCLUDE_IN_FRAMEWORK_HEADER = YES;
				CLANG_WARN_RANGE_LOOP_ANALYSIS = YES;
				CLANG_WARN_STRICT_PROTOTYPES = YES;
				CLANG_WARN_SUSPICIOUS_MOVE = YES;
				CLANG_WARN_UNGUARDED_AVAILABILITY = YES_AGGRESSIVE;
				CLANG_WARN_UNREACHABLE_CODE = YES;
				CLANG_WARN__DUPLICATE_METHOD_MATCH = YES;
				COPY_PHASE_STRIP = NO;
				DEBUG_INFORMATION_FORMAT = "dwarf-with-dsym";
				ENABLE_NS_ASSERTIONS = NO;
				ENABLE_STRICT_OBJC_MSGSEND = YES;
				GCC_C_LANGUAGE_STANDARD = gnu11;
				GCC_NO_COMMON_BLOCKS = YES;
				GCC_WARN_64_TO_32_BIT_CONVERSION = YES;
				GCC_WARN_ABOUT_RETURN_TYPE = YES_ERROR;
				GCC_WARN_UNDECLARED_SELECTOR = YES;
				GCC_WARN_UNINITIALIZED_AUTOS = YES_AGGRESSIVE;
				GCC_WARN_UNUSED_FUNCTION = YES;
				GCC_WARN_UNUSED_VARIABLE = YES;
				IPHONEOS_DEPLOYMENT_TARGET = 14.0;
				MTL_ENABLE_DEBUG_INFO = NO;
				MTL_FAST_MATH = YES;
				SDKROOT = iphoneos;
				SWIFT_COMPILATION_MODE = wholemodule;
				SWIFT_OPTIMIZATION_LEVEL = "-O";
				VALIDATE_PRODUCT = YES;
			};
			name = Release;
		};
		38F7D06029FAB4580072634E /* Debug */ = {
			isa = XCBuildConfiguration;
			baseConfigurationReference = 950F81EFAF8F3076B5FC8357 /* Pods-NewsReaderApp.debug.xcconfig */;
			buildSettings = {
				ASSETCATALOG_COMPILER_APPICON_NAME = AppIcon;
				ASSETCATALOG_COMPILER_GLOBAL_ACCENT_COLOR_NAME = AccentColor;
				CODE_SIGN_IDENTITY = "Apple Development";
				CODE_SIGN_STYLE = Automatic;
				CURRENT_PROJECT_VERSION = 1;
				DEVELOPMENT_TEAM = 9KTUYVG47P;
				GENERATE_INFOPLIST_FILE = YES;
				INFOPLIST_FILE = NewsReaderApp/Info.plist;
				INFOPLIST_KEY_UIApplicationSupportsIndirectInputEvents = YES;
				INFOPLIST_KEY_UILaunchStoryboardName = LaunchScreen;
				INFOPLIST_KEY_UIMainStoryboardFile = Main;
				INFOPLIST_KEY_UISupportedInterfaceOrientations_iPad = "UIInterfaceOrientationPortrait UIInterfaceOrientationPortraitUpsideDown UIInterfaceOrientationLandscapeLeft UIInterfaceOrientationLandscapeRight";
				INFOPLIST_KEY_UISupportedInterfaceOrientations_iPhone = "UIInterfaceOrientationPortrait UIInterfaceOrientationLandscapeLeft UIInterfaceOrientationLandscapeRight";
				LD_RUNPATH_SEARCH_PATHS = (
					"$(inherited)",
					"@executable_path/Frameworks",
				);
				MARKETING_VERSION = 1.0;
				PRODUCT_BUNDLE_IDENTIFIER = com.anggifergian.NewsReaderApp;
				PRODUCT_NAME = "$(TARGET_NAME)";
				PROVISIONING_PROFILE_SPECIFIER = "";
				SWIFT_EMIT_LOC_STRINGS = YES;
				SWIFT_VERSION = 5.0;
				TARGETED_DEVICE_FAMILY = 1;
			};
			name = Debug;
		};
		38F7D06129FAB4580072634E /* Release */ = {
			isa = XCBuildConfiguration;
			baseConfigurationReference = 152681082700861118EC4A65 /* Pods-NewsReaderApp.release.xcconfig */;
			buildSettings = {
				ASSETCATALOG_COMPILER_APPICON_NAME = AppIcon;
				ASSETCATALOG_COMPILER_GLOBAL_ACCENT_COLOR_NAME = AccentColor;
				CODE_SIGN_IDENTITY = "Apple Development";
				CODE_SIGN_STYLE = Automatic;
				CURRENT_PROJECT_VERSION = 1;
				DEVELOPMENT_TEAM = 9KTUYVG47P;
				GENERATE_INFOPLIST_FILE = YES;
				INFOPLIST_FILE = NewsReaderApp/Info.plist;
				INFOPLIST_KEY_UIApplicationSupportsIndirectInputEvents = YES;
				INFOPLIST_KEY_UILaunchStoryboardName = LaunchScreen;
				INFOPLIST_KEY_UIMainStoryboardFile = Main;
				INFOPLIST_KEY_UISupportedInterfaceOrientations_iPad = "UIInterfaceOrientationPortrait UIInterfaceOrientationPortraitUpsideDown UIInterfaceOrientationLandscapeLeft UIInterfaceOrientationLandscapeRight";
				INFOPLIST_KEY_UISupportedInterfaceOrientations_iPhone = "UIInterfaceOrientationPortrait UIInterfaceOrientationLandscapeLeft UIInterfaceOrientationLandscapeRight";
				LD_RUNPATH_SEARCH_PATHS = (
					"$(inherited)",
					"@executable_path/Frameworks",
				);
				MARKETING_VERSION = 1.0;
				PRODUCT_BUNDLE_IDENTIFIER = com.anggifergian.NewsReaderApp;
				PRODUCT_NAME = "$(TARGET_NAME)";
				PROVISIONING_PROFILE_SPECIFIER = "";
				SWIFT_EMIT_LOC_STRINGS = YES;
				SWIFT_VERSION = 5.0;
				TARGETED_DEVICE_FAMILY = 1;
			};
			name = Release;
		};
/* End XCBuildConfiguration section */

/* Begin XCConfigurationList section */
		38F7D04629FAB4550072634E /* Build configuration list for PBXProject "NewsReaderApp" */ = {
			isa = XCConfigurationList;
			buildConfigurations = (
				38F7D05D29FAB4580072634E /* Debug */,
				38F7D05E29FAB4580072634E /* Release */,
			);
			defaultConfigurationIsVisible = 0;
			defaultConfigurationName = Release;
		};
		38F7D05F29FAB4580072634E /* Build configuration list for PBXNativeTarget "NewsReaderApp" */ = {
			isa = XCConfigurationList;
			buildConfigurations = (
				38F7D06029FAB4580072634E /* Debug */,
				38F7D06129FAB4580072634E /* Release */,
			);
			defaultConfigurationIsVisible = 0;
			defaultConfigurationName = Release;
		};
/* End XCConfigurationList section */

/* Begin XCVersionGroup section */
		38A1F3622A0146ED006EF51B /* NewsReader.xcdatamodeld */ = {
			isa = XCVersionGroup;
			children = (
				38A1F3632A0146ED006EF51B /* NewsReader.xcdatamodel */,
			);
			currentVersion = 38A1F3632A0146ED006EF51B /* NewsReader.xcdatamodel */;
			path = NewsReader.xcdatamodeld;
			sourceTree = "<group>";
			versionGroupType = wrapper.xcdatamodel;
		};
/* End XCVersionGroup section */
	};
	rootObject = 38F7D04329FAB4550072634E /* Project object */;
}
